
Microsoft Visual Studio Solution File, Format Version 12.00
# Visual Studio Version 17
VisualStudioVersion = 17.0.31912.275
MinimumVisualStudioVersion = 10.0.40219.1
Project("{FAE04EC0-301F-11D3-BF4B-00C04F79EFBC}") = "ScanPicture", "ScanPicture\ScanPicture.csproj", "{FECF4379-1150-4D1E-9C2C-D5A2B0034950}"
EndProject
Global
	GlobalSection(SolutionConfigurationPlatforms) = preSolution
		Debug|Any CPU = Debug|Any CPU
		Release|Any CPU = Release|Any CPU
	EndGlobalSection
	GlobalSection(ProjectConfigurationPlatforms) = postSolution
		{FECF4379-1150-4D1E-9C2C-D5A2B0034950}.Debug|Any CPU.ActiveCfg = Debug|Any CPU
		{FECF4379-1150-4D1E-9C2C-D5A2B0034950}.Debug|Any CPU.Build.0 = Debug|Any CPU
		{FECF4379-1150-4D1E-9C2C-D5A2B0034950}.Release|Any CPU.ActiveCfg = Release|Any CPU
		{FECF4379-1150-4D1E-9C2C-D5A2B0034950}.Release|Any CPU.Build.0 = Release|Any CPU
	EndGlobalSection
	GlobalSection(SolutionProperties) = preSolution
		HideSolutionNode = FALSE
	EndGlobalSection
	GlobalSection(ExtensibilityGlobals) = postSolution
		SolutionGuid = {B7135FC1-3F72-4341-9A13-E1B2695C7140}
	EndGlobalSection
EndGlobal
